# Provenance for the blessed conversion-identity references.
# The reference files themselves live on the test machine under $DELPHI_CI_REFS.
# Generated by refs_lock.py; do not edit by hand.
data_94c_short:
  blessed_by: delphi-ci
  blessed_utc: '2026-10-08T12:06:57Z'
  branches: 766
  converter_commit: c3d8e866f44e516704dd14d5a023aae868977e55
  edm4hep: 1.0.0
  entries: 14957
  input:
  - name: collision-data/Y13709/Y13709.1.al
    sha256: ab5531c857455f8df246f9f831154caded28d287db203c50a6a8c5fcb05ed906
    size: 96230400
  key4hep: '2026-04-08'
  payload_sha: 9cb73239dc7531763de644bbed39aaa7
  podio: 1.7.0
data_95d_long:
  blessed_by: delphi-ci
  blessed_utc: '2026-10-08T12:08:29Z'
  branches: 766
  converter_commit: c3d8e866f44e516704dd14d5a023aae868977e55
  edm4hep: 1.0.0
  entries: 2000
  input:
  - name: collision-data/Y13718/Y13718.210.al
    sha256: b804d0c833d52c597e2334d12f9ad6c31e05d2cf8bb5bc199dbb7eeb11394817
    size: 102973440
  key4hep: '2026-04-08'
  payload_sha: c3e47cf69a0dd055682a82fffe9f8d2e
  podio: 1.7.0
data_99d_xshort:
  blessed_by: delphi-ci
  blessed_utc: '2026-10-08T12:09:03Z'
  branches: 766
  converter_commit: c3d8e866f44e516704dd14d5a023aae868977e55
  edm4hep: 1.0.0
  entries: 2000
  input:
  - name: collision-data/R02140/R02140.1.al
    sha256: 56f21bed38a9ad9ee1bfff2e6280ffccbc07cde52ffe3318ee735fc76772442d
    size: 222735360
  key4hep: '2026-04-08'
  payload_sha: 99bc3f0dd664c5b0f2d74a1ff7cdb6de
  podio: 1.7.0
mc_94c_qqps_ral:
  blessed_by: delphi-ci
  blessed_utc: '2026-10-08T12:08:05Z'
  branches: 766
  converter_commit: c3d8e866f44e516704dd14d5a023aae868977e55
  edm4hep: 1.0.0
  entries: 4886
  input:
  - name: collision-data/Y10060/Y10060.346.al
    sha256: 267b8a4889444020a4b36647ed3afd514bec548986b15a6ea70bdf5ca03dc188
    size: 109148160
  key4hep: '2026-04-08'
  payload_sha: 7376f40b86a0364eb1f5da025a724c95
  podio: 1.7.0
mc_a0e_xshort:
  blessed_by: delphi-ci
  blessed_utc: '2026-10-08T12:09:47Z'
  branches: 766
  converter_commit: c3d8e866f44e516704dd14d5a023aae868977e55
  edm4hep: 1.0.0
  entries: 1392
  input:
  - name: simulated-data/wupp/apacic105/va0e/206.5/apacic105_206.5_155.xsdst
    sha256: 1dd5fc4ab0a6326e08bdd84881f4e8497f3f6c8dc553aba1f1532749064b4c44
    size: 71838720
  key4hep: '2026-04-08'
  payload_sha: b0f1da3ecc7a957bed1c94397b923de3
  podio: 1.7.0
